
Microsoft Visual Studio Solution File, Format Version 12.00
# Visual Studio 2013
VisualStudioVersion = 12.0.31101.0
MinimumVisualStudioVersion = 10.0.40219.1
Project("{FAE04EC0-301F-11D3-BF4B-00C04F79EFBC}") = "01CakeTycoon", "01CakeTycoon\01CakeTycoon.csproj", "{34298F1D-E8D4-4F73-A4F4-ADAC8AF41F9A}"
EndProject
Project("{FAE04EC0-301F-11D3-BF4B-00C04F79EFBC}") = "03IlluminatiLock", "03IlluminatiLock\03IlluminatiLock.csproj", "{351169E3-675B-468B-9267-B227F4C06053}"
EndProject
Project("{FAE04EC0-301F-11D3-BF4B-00C04F79EFBC}") = "03BeersStock", "03BeersStock\03BeersStock.csproj", "{34D20709-E981-497F-A320-B19403FA3F56}"
EndProject
Project("{FAE04EC0-301F-11D3-BF4B-00C04F79EFBC}") = "04MasterHerbalist", "04MasterHerbalist\04MasterHerbalist.csproj", "{1856F295-F90A-4EC3-81D4-09891C2DDC4A}"
EndProject
Project("{FAE04EC0-301F-11D3-BF4B-00C04F79EFBC}") = "test", "test\test.csproj", "{539FD9E7-7551-4D8E-945A-D61C974D8C09}"
EndProject
Global
	GlobalSection(SolutionConfigurationPlatforms) = preSolution
		Debug|Any CPU = Debug|Any CPU
		Release|Any CPU = Release|Any CPU
	EndGlobalSection
	GlobalSection(ProjectConfigurationPlatforms) = postSolution
		{34298F1D-E8D4-4F73-A4F4-ADAC8AF41F9A}.Debug|Any CPU.ActiveCfg = Debug|Any CPU
		{34298F1D-E8D4-4F73-A4F4-ADAC8AF41F9A}.Debug|Any CPU.Build.0 = Debug|Any CPU
		{34298F1D-E8D4-4F73-A4F4-ADAC8AF41F9A}.Release|Any CPU.ActiveCfg = Release|Any CPU
		{34298F1D-E8D4-4F73-A4F4-ADAC8AF41F9A}.Release|Any CPU.Build.0 = Release|Any CPU
		{351169E3-675B-468B-9267-B227F4C06053}.Debug|Any CPU.ActiveCfg = Debug|Any CPU
		{351169E3-675B-468B-9267-B227F4C06053}.Debug|Any CPU.Build.0 = Debug|Any CPU
		{351169E3-675B-468B-9267-B227F4C06053}.Release|Any CPU.ActiveCfg = Release|Any CPU
		{351169E3-675B-468B-9267-B227F4C06053}.Release|Any CPU.Build.0 = Release|Any CPU
		{34D20709-E981-497F-A320-B19403FA3F56}.Debug|Any CPU.ActiveCfg = Debug|Any CPU
		{34D20709-E981-497F-A320-B19403FA3F56}.Debug|Any CPU.Build.0 = Debug|Any CPU
		{34D20709-E981-497F-A320-B19403FA3F56}.Release|Any CPU.ActiveCfg = Release|Any CPU
		{34D20709-E981-497F-A320-B19403FA3F56}.Release|Any CPU.Build.0 = Release|Any CPU
		{1856F295-F90A-4EC3-81D4-09891C2DDC4A}.Debug|Any CPU.ActiveCfg = Debug|Any CPU
		{1856F295-F90A-4EC3-81D4-09891C2DDC4A}.Debug|Any CPU.Build.0 = Debug|Any CPU
		{1856F295-F90A-4EC3-81D4-09891C2DDC4A}.Release|Any CPU.ActiveCfg = Release|Any CPU
		{1856F295-F90A-4EC3-81D4-09891C2DDC4A}.Release|Any CPU.Build.0 = Release|Any CPU
		{539FD9E7-7551-4D8E-945A-D61C974D8C09}.Debug|Any CPU.ActiveCfg = Debug|Any CPU
		{539FD9E7-7551-4D8E-945A-D61C974D8C09}.Debug|Any CPU.Build.0 = Debug|Any CPU
		{539FD9E7-7551-4D8E-945A-D61C974D8C09}.Release|Any CPU.ActiveCfg = Release|Any CPU
		{539FD9E7-7551-4D8E-945A-D61C974D8C09}.Release|Any CPU.Build.0 = Release|Any CPU
	EndGlobalSection
	GlobalSection(SolutionProperties) = preSolution
		HideSolutionNode = FALSE
	EndGlobalSection
EndGlobal
