
Microsoft Visual Studio Solution File, Format Version 12.00
# Visual Studio 2013
VisualStudioVersion = 12.0.31101.0
MinimumVisualStudioVersion = 10.0.40219.1
Project("{FAE04EC0-301F-11D3-BF4B-00C04F79EFBC}") = "StringProcessing", "StringProcessing\StringProcessing.csproj", "{D765275C-D8C6-4621-BCFF-FDEAF8F80AFA}"
EndProject
Project("{FAE04EC0-301F-11D3-BF4B-00C04F79EFBC}") = "StringTo20", "StringTo20\StringTo20.csproj", "{ED94CC71-163A-4016-A85F-F7F70388F6AE}"
EndProject
Project("{FAE04EC0-301F-11D3-BF4B-00C04F79EFBC}") = "NumbersFormat", "NumbersFormat\NumbersFormat.csproj", "{F11C9388-8F21-4950-892B-B79C2A76FC78}"
EndProject
Project("{FAE04EC0-301F-11D3-BF4B-00C04F79EFBC}") = "NumberToNBase", "NumberToNBase\NumberToNBase.csproj", "{E46128B0-74A1-432B-8F01-EEBEC7C30844}"
EndProject
Global
	GlobalSection(SolutionConfigurationPlatforms) = preSolution
		Debug|Any CPU = Debug|Any CPU
		Release|Any CPU = Release|Any CPU
	EndGlobalSection
	GlobalSection(ProjectConfigurationPlatforms) = postSolution
		{D765275C-D8C6-4621-BCFF-FDEAF8F80AFA}.Debug|Any CPU.ActiveCfg = Debug|Any CPU
		{D765275C-D8C6-4621-BCFF-FDEAF8F80AFA}.Debug|Any CPU.Build.0 = Debug|Any CPU
		{D765275C-D8C6-4621-BCFF-FDEAF8F80AFA}.Release|Any CPU.ActiveCfg = Release|Any CPU
		{D765275C-D8C6-4621-BCFF-FDEAF8F80AFA}.Release|Any CPU.Build.0 = Release|Any CPU
		{ED94CC71-163A-4016-A85F-F7F70388F6AE}.Debug|Any CPU.ActiveCfg = Debug|Any CPU
		{ED94CC71-163A-4016-A85F-F7F70388F6AE}.Debug|Any CPU.Build.0 = Debug|Any CPU
		{ED94CC71-163A-4016-A85F-F7F70388F6AE}.Release|Any CPU.ActiveCfg = Release|Any CPU
		{ED94CC71-163A-4016-A85F-F7F70388F6AE}.Release|Any CPU.Build.0 = Release|Any CPU
		{F11C9388-8F21-4950-892B-B79C2A76FC78}.Debug|Any CPU.ActiveCfg = Debug|Any CPU
		{F11C9388-8F21-4950-892B-B79C2A76FC78}.Debug|Any CPU.Build.0 = Debug|Any CPU
		{F11C9388-8F21-4950-892B-B79C2A76FC78}.Release|Any CPU.ActiveCfg = Release|Any CPU
		{F11C9388-8F21-4950-892B-B79C2A76FC78}.Release|Any CPU.Build.0 = Release|Any CPU
		{E46128B0-74A1-432B-8F01-EEBEC7C30844}.Debug|Any CPU.ActiveCfg = Debug|Any CPU
		{E46128B0-74A1-432B-8F01-EEBEC7C30844}.Debug|Any CPU.Build.0 = Debug|Any CPU
		{E46128B0-74A1-432B-8F01-EEBEC7C30844}.Release|Any CPU.ActiveCfg = Release|Any CPU
		{E46128B0-74A1-432B-8F01-EEBEC7C30844}.Release|Any CPU.Build.0 = Release|Any CPU
	EndGlobalSection
	GlobalSection(SolutionProperties) = preSolution
		HideSolutionNode = FALSE
	EndGlobalSection
EndGlobal
